
Microsoft Visual Studio Solution File, Format Version 12.00
# Visual Studio Version 17
VisualStudioVersion = 17.7.34221.43
MinimumVisualStudioVersion = 10.0.40219.1
Project("{9A19103F-16F7-4668-BE54-9A1E7A4F7556}") = "PokeBattler.Server", "PokeBattler.Server\PokeBattler.Server.csproj", "{44E9F3FB-4312-443E-9E52-36FBBEA4B1FC}"
EndProject
Project("{FAE04EC0-301F-11D3-BF4B-00C04F79EFBC}") = "PokeBattler.Client", "PokeBattler.Client\PokeBattler.Client.csproj", "{FEBC3279-A973-4A9B-8BD0-410246FE9281}"
EndProject
Project("{9A19103F-16F7-4668-BE54-9A1E7A4F7556}") = "PokeBattler.Core", "PokeBattler.Core\PokeBattler.Core.csproj", "{471653B9-5490-4E9B-A11F-979C8084C1A2}"
EndProject
Global
	GlobalSection(SolutionConfigurationPlatforms) = preSolution
		Debug|Any CPU = Debug|Any CPU
		Release|Any CPU = Release|Any CPU
	EndGlobalSection
	GlobalSection(ProjectConfigurationPlatforms) = postSolution
		{44E9F3FB-4312-443E-9E52-36FBBEA4B1FC}.Debug|Any CPU.ActiveCfg = Debug|Any CPU
		{44E9F3FB-4312-443E-9E52-36FBBEA4B1FC}.Debug|Any CPU.Build.0 = Debug|Any CPU
		{44E9F3FB-4312-443E-9E52-36FBBEA4B1FC}.Release|Any CPU.ActiveCfg = Release|Any CPU
		{44E9F3FB-4312-443E-9E52-36FBBEA4B1FC}.Release|Any CPU.Build.0 = Release|Any CPU
		{FEBC3279-A973-4A9B-8BD0-410246FE9281}.Debug|Any CPU.ActiveCfg = Debug|Any CPU
		{FEBC3279-A973-4A9B-8BD0-410246FE9281}.Debug|Any CPU.Build.0 = Debug|Any CPU
		{FEBC3279-A973-4A9B-8BD0-410246FE9281}.Release|Any CPU.ActiveCfg = Release|Any CPU
		{FEBC3279-A973-4A9B-8BD0-410246FE9281}.Release|Any CPU.Build.0 = Release|Any CPU
		{471653B9-5490-4E9B-A11F-979C8084C1A2}.Debug|Any CPU.ActiveCfg = Debug|Any CPU
		{471653B9-5490-4E9B-A11F-979C8084C1A2}.Debug|Any CPU.Build.0 = Debug|Any CPU
		{471653B9-5490-4E9B-A11F-979C8084C1A2}.Release|Any CPU.ActiveCfg = Release|Any CPU
		{471653B9-5490-4E9B-A11F-979C8084C1A2}.Release|Any CPU.Build.0 = Release|Any CPU
	EndGlobalSection
	GlobalSection(SolutionProperties) = preSolution
		HideSolutionNode = FALSE
	EndGlobalSection
	GlobalSection(ExtensibilityGlobals) = postSolution
		SolutionGuid = {0EA507BC-8C36-4A43-81C2-2F3C2EC7A256}
	EndGlobalSection
EndGlobal
